
Microsoft Visual Studio Solution File, Format Version 12.00
# Visual Studio Version 17
VisualStudioVersion = 17.12.35728.132
MinimumVisualStudioVersion = 10.0.40219.1
Project("{8BC9CEB8-8B4A-11D0-8D11-00A0C91BC942}") = "HelloWorld", "HelloWorld\HelloWorld.vcxproj", "{19D4D949-2952-4CD1-B33E-4CA6D720541B}"
EndProject
Project("{FAE04EC0-301F-11D3-BF4B-00C04F79EFBC}") = "TestNetFramework", "TestNetFramework\TestNetFramework.csproj", "{DFEC2E0C-64B8-4BE3-8594-6775CDE918D0}"
EndProject
Project("{FAE04EC0-301F-11D3-BF4B-00C04F79EFBC}") = "TestNetCore", "TestNetCore\TestNetCore.csproj", "{61046F5E-ABBE-4B73-87F3-FF5CDE42C844}"
EndProject
Project("{8BC9CEB8-8B4A-11D0-8D11-00A0C91BC942}") = "CppThreadSum", "CppThreadSum\CppThreadSum.vcxproj", "{42DBC9BB-A702-479C-A11B-85D788D6086E}"
EndProject
Project("{8BC9CEB8-8B4A-11D0-8D11-00A0C91BC942}") = "AsyncOperationPlay", "AsyncOperationPlay\AsyncOperationPlay.vcxproj", "{9B775C0F-8356-4607-A0C3-758CBC2ABF61}"
EndProject
Global
	GlobalSection(SolutionConfigurationPlatforms) = preSolution
		Debug|Any CPU = Debug|Any CPU
		Debug|x64 = Debug|x64
		Debug|x86 = Debug|x86
		Release|Any CPU = Release|Any CPU
		Release|x64 = Release|x64
		Release|x86 = Release|x86
	EndGlobalSection
	GlobalSection(ProjectConfigurationPlatforms) = postSolution
		{19D4D949-2952-4CD1-B33E-4CA6D720541B}.Debug|Any CPU.ActiveCfg = Debug|x64
		{19D4D949-2952-4CD1-B33E-4CA6D720541B}.Debug|Any CPU.Build.0 = Debug|x64
		{19D4D949-2952-4CD1-B33E-4CA6D720541B}.Debug|x64.ActiveCfg = Debug|x64
		{19D4D949-2952-4CD1-B33E-4CA6D720541B}.Debug|x64.Build.0 = Debug|x64
		{19D4D949-2952-4CD1-B33E-4CA6D720541B}.Debug|x86.ActiveCfg = Debug|Win32
		{19D4D949-2952-4CD1-B33E-4CA6D720541B}.Debug|x86.Build.0 = Debug|Win32
		{19D4D949-2952-4CD1-B33E-4CA6D720541B}.Release|Any CPU.ActiveCfg = Release|x64
		{19D4D949-2952-4CD1-B33E-4CA6D720541B}.Release|Any CPU.Build.0 = Release|x64
		{19D4D949-2952-4CD1-B33E-4CA6D720541B}.Release|x64.ActiveCfg = Release|x64
		{19D4D949-2952-4CD1-B33E-4CA6D720541B}.Release|x64.Build.0 = Release|x64
		{19D4D949-2952-4CD1-B33E-4CA6D720541B}.Release|x86.ActiveCfg = Release|Win32
		{19D4D949-2952-4CD1-B33E-4CA6D720541B}.Release|x86.Build.0 = Release|Win32
		{DFEC2E0C-64B8-4BE3-8594-6775CDE918D0}.Debug|Any CPU.ActiveCfg = Debug|Any CPU
		{DFEC2E0C-64B8-4BE3-8594-6775CDE918D0}.Debug|Any CPU.Build.0 = Debug|Any CPU
		{DFEC2E0C-64B8-4BE3-8594-6775CDE918D0}.Debug|x64.ActiveCfg = Debug|Any CPU
		{DFEC2E0C-64B8-4BE3-8594-6775CDE918D0}.Debug|x64.Build.0 = Debug|Any CPU
		{DFEC2E0C-64B8-4BE3-8594-6775CDE918D0}.Debug|x86.ActiveCfg = Debug|Any CPU
		{DFEC2E0C-64B8-4BE3-8594-6775CDE918D0}.Debug|x86.Build.0 = Debug|Any CPU
		{DFEC2E0C-64B8-4BE3-8594-6775CDE918D0}.Release|Any CPU.ActiveCfg = Release|Any CPU
		{DFEC2E0C-64B8-4BE3-8594-6775CDE918D0}.Release|Any CPU.Build.0 = Release|Any CPU
		{DFEC2E0C-64B8-4BE3-8594-6775CDE918D0}.Release|x64.ActiveCfg = Release|Any CPU
		{DFEC2E0C-64B8-4BE3-8594-6775CDE918D0}.Release|x64.Build.0 = Release|Any CPU
		{DFEC2E0C-64B8-4BE3-8594-6775CDE918D0}.Release|x86.ActiveCfg = Release|Any CPU
		{DFEC2E0C-64B8-4BE3-8594-6775CDE918D0}.Release|x86.Build.0 = Release|Any CPU
		{61046F5E-ABBE-4B73-87F3-FF5CDE42C844}.Debug|Any CPU.ActiveCfg = Debug|Any CPU
		{61046F5E-ABBE-4B73-87F3-FF5CDE42C844}.Debug|Any CPU.Build.0 = Debug|Any CPU
		{61046F5E-ABBE-4B73-87F3-FF5CDE42C844}.Debug|x64.ActiveCfg = Debug|Any CPU
		{61046F5E-ABBE-4B73-87F3-FF5CDE42C844}.Debug|x64.Build.0 = Debug|Any CPU
		{61046F5E-ABBE-4B73-87F3-FF5CDE42C844}.Debug|x86.ActiveCfg = Debug|Any CPU
		{61046F5E-ABBE-4B73-87F3-FF5CDE42C844}.Debug|x86.Build.0 = Debug|Any CPU
		{61046F5E-ABBE-4B73-87F3-FF5CDE42C844}.Release|Any CPU.ActiveCfg = Release|Any CPU
		{61046F5E-ABBE-4B73-87F3-FF5CDE42C844}.Release|Any CPU.Build.0 = Release|Any CPU
		{61046F5E-ABBE-4B73-87F3-FF5CDE42C844}.Release|x64.ActiveCfg = Release|Any CPU
		{61046F5E-ABBE-4B73-87F3-FF5CDE42C844}.Release|x64.Build.0 = Release|Any CPU
		{61046F5E-ABBE-4B73-87F3-FF5CDE42C844}.Release|x86.ActiveCfg = Release|Any CPU
		{61046F5E-ABBE-4B73-87F3-FF5CDE42C844}.Release|x86.Build.0 = Release|Any CPU
		{42DBC9BB-A702-479C-A11B-85D788D6086E}.Debug|Any CPU.ActiveCfg = Debug|x64
		{42DBC9BB-A702-479C-A11B-85D788D6086E}.Debug|Any CPU.Build.0 = Debug|x64
		{42DBC9BB-A702-479C-A11B-85D788D6086E}.Debug|x64.ActiveCfg = Debug|x64
		{42DBC9BB-A702-479C-A11B-85D788D6086E}.Debug|x64.Build.0 = Debug|x64
		{42DBC9BB-A702-479C-A11B-85D788D6086E}.Debug|x86.ActiveCfg = Debug|Win32
		{42DBC9BB-A702-479C-A11B-85D788D6086E}.Debug|x86.Build.0 = Debug|Win32
		{42DBC9BB-A702-479C-A11B-85D788D6086E}.Release|Any CPU.ActiveCfg = Release|x64
		{42DBC9BB-A702-479C-A11B-85D788D6086E}.Release|Any CPU.Build.0 = Release|x64
		{42DBC9BB-A702-479C-A11B-85D788D6086E}.Release|x64.ActiveCfg = Release|x64
		{42DBC9BB-A702-479C-A11B-85D788D6086E}.Release|x64.Build.0 = Release|x64
		{42DBC9BB-A702-479C-A11B-85D788D6086E}.Release|x86.ActiveCfg = Release|Win32
		{42DBC9BB-A702-479C-A11B-85D788D6086E}.Release|x86.Build.0 = Release|Win32
		{9B775C0F-8356-4607-A0C3-758CBC2ABF61}.Debug|Any CPU.ActiveCfg = Debug|x64
		{9B775C0F-8356-4607-A0C3-758CBC2ABF61}.Debug|Any CPU.Build.0 = Debug|x64
		{9B775C0F-8356-4607-A0C3-758CBC2ABF61}.Debug|x64.ActiveCfg = Debug|x64
		{9B775C0F-8356-4607-A0C3-758CBC2ABF61}.Debug|x64.Build.0 = Debug|x64
		{9B775C0F-8356-4607-A0C3-758CBC2ABF61}.Debug|x86.ActiveCfg = Debug|Win32
		{9B775C0F-8356-4607-A0C3-758CBC2ABF61}.Debug|x86.Build.0 = Debug|Win32
		{9B775C0F-8356-4607-A0C3-758CBC2ABF61}.Release|Any CPU.ActiveCfg = Release|x64
		{9B775C0F-8356-4607-A0C3-758CBC2ABF61}.Release|Any CPU.Build.0 = Release|x64
		{9B775C0F-8356-4607-A0C3-758CBC2ABF61}.Release|x64.ActiveCfg = Release|x64
		{9B775C0F-8356-4607-A0C3-758CBC2ABF61}.Release|x64.Build.0 = Release|x64
		{9B775C0F-8356-4607-A0C3-758CBC2ABF61}.Release|x86.ActiveCfg = Release|Win32
		{9B775C0F-8356-4607-A0C3-758CBC2ABF61}.Release|x86.Build.0 = Release|Win32
	EndGlobalSection
	GlobalSection(SolutionProperties) = preSolution
		HideSolutionNode = FALSE
	EndGlobalSection
EndGlobal
